
Microsoft Visual Studio Solution File, Format Version 12.00
# Visual Studio Version 17
VisualStudioVersion = 17.14.36623.8 d17.14
MinimumVisualStudioVersion = 10.0.40219.1
Project("{8BC9CEB8-8B4A-11D0-8D11-00A0C91BC942}") = "LonglongDll", "LonglongDll\LonglongDll.vcxproj", "{5A48E2DD-BD76-46A9-AE52-B07EE9B3B6E3}"
EndProject
Project("{8BC9CEB8-8B4A-11D0-8D11-00A0C91BC942}") = "LonglongClient", "LonglongClient\LonglongClient.vcxproj", "{722D31D7-52BE-477D-A05F-7CC078B6C5F5}"
EndProject
Global
	GlobalSection(SolutionConfigurationPlatforms) = preSolution
		Debug|x64 = Debug|x64
		Debug|x86 = Debug|x86
		Release|x64 = Release|x64
		Release|x86 = Release|x86
	EndGlobalSection
	GlobalSection(ProjectConfigurationPlatforms) = postSolution
		{5A48E2DD-BD76-46A9-AE52-B07EE9B3B6E3}.Debug|x64.ActiveCfg = Debug|x64
		{5A48E2DD-BD76-46A9-AE52-B07EE9B3B6E3}.Debug|x64.Build.0 = Debug|x64
		{5A48E2DD-BD76-46A9-AE52-B07EE9B3B6E3}.Debug|x86.ActiveCfg = Debug|Win32
		{5A48E2DD-BD76-46A9-AE52-B07EE9B3B6E3}.Debug|x86.Build.0 = Debug|Win32
		{5A48E2DD-BD76-46A9-AE52-B07EE9B3B6E3}.Release|x64.ActiveCfg = Release|x64
		{5A48E2DD-BD76-46A9-AE52-B07EE9B3B6E3}.Release|x64.Build.0 = Release|x64
		{5A48E2DD-BD76-46A9-AE52-B07EE9B3B6E3}.Release|x86.ActiveCfg = Release|Win32
		{5A48E2DD-BD76-46A9-AE52-B07EE9B3B6E3}.Release|x86.Build.0 = Release|Win32
		{722D31D7-52BE-477D-A05F-7CC078B6C5F5}.Debug|x64.ActiveCfg = Debug|x64
		{722D31D7-52BE-477D-A05F-7CC078B6C5F5}.Debug|x64.Build.0 = Debug|x64
		{722D31D7-52BE-477D-A05F-7CC078B6C5F5}.Debug|x86.ActiveCfg = Debug|Win32
		{722D31D7-52BE-477D-A05F-7CC078B6C5F5}.Debug|x86.Build.0 = Debug|Win32
		{722D31D7-52BE-477D-A05F-7CC078B6C5F5}.Release|x64.ActiveCfg = Release|x64
		{722D31D7-52BE-477D-A05F-7CC078B6C5F5}.Release|x64.Build.0 = Release|x64
		{722D31D7-52BE-477D-A05F-7CC078B6C5F5}.Release|x86.ActiveCfg = Release|Win32
		{722D31D7-52BE-477D-A05F-7CC078B6C5F5}.Release|x86.Build.0 = Release|Win32
	EndGlobalSection
	GlobalSection(SolutionProperties) = preSolution
		HideSolutionNode = FALSE
	EndGlobalSection
	GlobalSection(ExtensibilityGlobals) = postSolution
		SolutionGuid = {0CF7400E-70FB-463B-91F0-B8B1A69E7319}
	EndGlobalSection
EndGlobal
